
Microsoft Visual Studio Solution File, Format Version 12.00
# Visual Studio Version 17
VisualStudioVersion = 17.11.35312.102
MinimumVisualStudioVersion = 10.0.40219.1
Project("{FAE04EC0-301F-11D3-BF4B-00C04F79EFBC}") = "SharpPrivEsc", "SharpPrivEsc.csproj", "{00A585CF-3D3F-4875-B097-6B9C7F60D732}"
EndProject
Global
	GlobalSection(SolutionConfigurationPlatforms) = preSolution
		Debug|Any CPU = Debug|Any CPU
		Debug|x64 = Debug|x64
		Release|Any CPU = Release|Any CPU
		Release|x64 = Release|x64
	EndGlobalSection
	GlobalSection(ProjectConfigurationPlatforms) = postSolution
		{00A585CF-3D3F-4875-B097-6B9C7F60D732}.Debug|Any CPU.ActiveCfg = Debug|Any CPU
		{00A585CF-3D3F-4875-B097-6B9C7F60D732}.Debug|Any CPU.Build.0 = Debug|Any CPU
		{00A585CF-3D3F-4875-B097-6B9C7F60D732}.Debug|x64.ActiveCfg = Release|x64
		{00A585CF-3D3F-4875-B097-6B9C7F60D732}.Debug|x64.Build.0 = Release|x64
		{00A585CF-3D3F-4875-B097-6B9C7F60D732}.Release|Any CPU.ActiveCfg = Release|Any CPU
		{00A585CF-3D3F-4875-B097-6B9C7F60D732}.Release|Any CPU.Build.0 = Release|Any CPU
		{00A585CF-3D3F-4875-B097-6B9C7F60D732}.Release|x64.ActiveCfg = Release|x64
		{00A585CF-3D3F-4875-B097-6B9C7F60D732}.Release|x64.Build.0 = Release|x64
	EndGlobalSection
	GlobalSection(SolutionProperties) = preSolution
		HideSolutionNode = FALSE
	EndGlobalSection
	GlobalSection(ExtensibilityGlobals) = postSolution
		SolutionGuid = {BFFF6351-3C70-4E34-911A-9A0B34BEA8CA}
	EndGlobalSection
EndGlobal
